# @generated - this file is auto-generated by `mise lock` https://mise.en.dev/dev-tools/mise-lock.html

[[tools."aqua:EmbarkStudios/cargo-deny"]]
version = "0.19.9"
backend = "aqua:EmbarkStudios/cargo-deny"

[tools."aqua:EmbarkStudios/cargo-deny"."platforms.linux-arm64"]
checksum = "sha256:32580dcc2bc13fbeeb7c50edc38ef99c3b9ce9569a1d07a96e11b3b941f3e72e"
url = "https://github.com/EmbarkStudios/cargo-deny/releases/download/0.19.9/cargo-deny-0.19.9-aarch64-unknown-linux-musl.tar.gz"

[tools."aqua:EmbarkStudios/cargo-deny"."platforms.linux-arm64-musl"]
checksum = "sha256:32580dcc2bc13fbeeb7c50edc38ef99c3b9ce9569a1d07a96e11b3b941f3e72e"
url = "https://github.com/EmbarkStudios/cargo-deny/releases/download/0.19.9/cargo-deny-0.19.9-aarch64-unknown-linux-musl.tar.gz"

[tools."aqua:EmbarkStudios/cargo-deny"."platforms.linux-x64"]
checksum = "sha256:f1f8eedc2a3ac297c540873f93785d4104b102c0079506b2a6b3221b7ec956af"
url = "https://github.com/EmbarkStudios/cargo-deny/releases/download/0.19.9/cargo-deny-0.19.9-x86_64-unknown-linux-musl.tar.gz"

[tools."aqua:EmbarkStudios/cargo-deny"."platforms.linux-x64-musl"]
checksum = "sha256:f1f8eedc2a3ac297c540873f93785d4104b102c0079506b2a6b3221b7ec956af"
url = "https://github.com/EmbarkStudios/cargo-deny/releases/download/0.19.9/cargo-deny-0.19.9-x86_64-unknown-linux-musl.tar.gz"

[tools."aqua:EmbarkStudios/cargo-deny"."platforms.macos-arm64"]
checksum = "sha256:be6fd555e910ac360e25cbef4f16ead47d87d2545fa07aa27223ef0f9af1a02c"
url = "https://github.com/EmbarkStudios/cargo-deny/releases/download/0.19.9/cargo-deny-0.19.9-aarch64-apple-darwin.tar.gz"

[tools."aqua:EmbarkStudios/cargo-deny"."platforms.macos-x64"]
checksum = "sha256:3336724665a3aef124a9e4c79cb59968df36d21bfcda5ae596abe2a7874b1938"
url = "https://github.com/EmbarkStudios/cargo-deny/releases/download/0.19.9/cargo-deny-0.19.9-x86_64-apple-darwin.tar.gz"

[tools."aqua:EmbarkStudios/cargo-deny"."platforms.windows-x64"]
checksum = "sha256:a0f2b3da55444f1a354fcbd20ce4b94981ab8193c1b674362d4761905f31ffd0"
url = "https://github.com/EmbarkStudios/cargo-deny/releases/download/0.19.9/cargo-deny-0.19.9-x86_64-pc-windows-msvc.tar.gz"

[[tools."aqua:nextest-rs/nextest/cargo-nextest"]]
version = "0.9.138"
backend = "aqua:nextest-rs/nextest/cargo-nextest"

[tools."aqua:nextest-rs/nextest/cargo-nextest"."platforms.linux-arm64"]
checksum = "sha256:e1c85dbe02dcf5b963803b3f96f4f561757f5c37cab68c932411dea20d57284e"
url = "https://github.com/nextest-rs/nextest/releases/download/cargo-nextest-0.9.138/cargo-nextest-0.9.138-aarch64-unknown-linux-gnu.tar.gz"

[tools."aqua:nextest-rs/nextest/cargo-nextest"."platforms.linux-arm64-musl"]
checksum = "sha256:3eff5e9d9e8a4560c46db64608b0ffff88372199db82aa87ff202e767713c807"
url = "https://github.com/nextest-rs/nextest/releases/download/cargo-nextest-0.9.138/cargo-nextest-0.9.138-aarch64-unknown-linux-musl.tar.gz"

[tools."aqua:nextest-rs/nextest/cargo-nextest"."platforms.linux-x64"]
checksum = "sha256:8e4183e39b857350b928e053b40ffc7180c01e7cbf4d13146e5d8a12ec210f4f"
url = "https://github.com/nextest-rs/nextest/releases/download/cargo-nextest-0.9.138/cargo-nextest-0.9.138-x86_64-unknown-linux-musl.tar.gz"

[tools."aqua:nextest-rs/nextest/cargo-nextest"."platforms.linux-x64-musl"]
checksum = "sha256:8e4183e39b857350b928e053b40ffc7180c01e7cbf4d13146e5d8a12ec210f4f"
url = "https://github.com/nextest-rs/nextest/releases/download/cargo-nextest-0.9.138/cargo-nextest-0.9.138-x86_64-unknown-linux-musl.tar.gz"

[tools."aqua:nextest-rs/nextest/cargo-nextest"."platforms.macos-arm64"]
checksum = "sha256:124baa34d160355fa8a8bed053856270cfcf132659e76a0bc8bbcdfc093266b7"
url = "https://github.com/nextest-rs/nextest/releases/download/cargo-nextest-0.9.138/cargo-nextest-0.9.138-universal-apple-darwin.tar.gz"

[tools."aqua:nextest-rs/nextest/cargo-nextest"."platforms.macos-x64"]
checksum = "sha256:124baa34d160355fa8a8bed053856270cfcf132659e76a0bc8bbcdfc093266b7"
url = "https://github.com/nextest-rs/nextest/releases/download/cargo-nextest-0.9.138/cargo-nextest-0.9.138-universal-apple-darwin.tar.gz"

[tools."aqua:nextest-rs/nextest/cargo-nextest"."platforms.windows-x64"]
checksum = "sha256:e4606198dd067299f16863dcf5b9be007b9cae041e468c417884fc224760c0f4"
url = "https://github.com/nextest-rs/nextest/releases/download/cargo-nextest-0.9.138/cargo-nextest-0.9.138-x86_64-pc-windows-msvc.tar.gz"

[[tools."aqua:taiki-e/cargo-llvm-cov"]]
version = "0.8.7"
backend = "aqua:taiki-e/cargo-llvm-cov"

[tools."aqua:taiki-e/cargo-llvm-cov"."platforms.linux-arm64"]
checksum = "sha256:b7bb2ad514166f3b19fc06874c577eefde0010e5ac571f9ae33ff45cd19a4785"
url = "https://github.com/taiki-e/cargo-llvm-cov/releases/download/v0.8.7/cargo-llvm-cov-aarch64-unknown-linux-musl.tar.gz"

[tools."aqua:taiki-e/cargo-llvm-cov"."platforms.linux-arm64-musl"]
checksum = "sha256:b7bb2ad514166f3b19fc06874c577eefde0010e5ac571f9ae33ff45cd19a4785"
url = "https://github.com/taiki-e/cargo-llvm-cov/releases/download/v0.8.7/cargo-llvm-cov-aarch64-unknown-linux-musl.tar.gz"

[tools."aqua:taiki-e/cargo-llvm-cov"."platforms.linux-x64"]
checksum = "sha256:967b5cc996c29d8baa52bbb4595ef1f53af35255af8e2036ddbc6468d7b523c7"
url = "https://github.com/taiki-e/cargo-llvm-cov/releases/download/v0.8.7/cargo-llvm-cov-x86_64-unknown-linux-musl.tar.gz"

[tools."aqua:taiki-e/cargo-llvm-cov"."platforms.linux-x64-musl"]
checksum = "sha256:967b5cc996c29d8baa52bbb4595ef1f53af35255af8e2036ddbc6468d7b523c7"
url = "https://github.com/taiki-e/cargo-llvm-cov/releases/download/v0.8.7/cargo-llvm-cov-x86_64-unknown-linux-musl.tar.gz"

[tools."aqua:taiki-e/cargo-llvm-cov"."platforms.macos-arm64"]
checksum = "sha256:3efee732ed7e9a653e20d96c930e0ec799901289cce90f46bb20f627e2c0d2e9"
url = "https://github.com/taiki-e/cargo-llvm-cov/releases/download/v0.8.7/cargo-llvm-cov-aarch64-apple-darwin.tar.gz"

[tools."aqua:taiki-e/cargo-llvm-cov"."platforms.macos-x64"]
checksum = "sha256:288ce0cb976207a9a1ad5af4d7ec9a06c9af116727066fb2287df8d9d1026be9"
url = "https://github.com/taiki-e/cargo-llvm-cov/releases/download/v0.8.7/cargo-llvm-cov-x86_64-apple-darwin.tar.gz"

[tools."aqua:taiki-e/cargo-llvm-cov"."platforms.windows-x64"]
checksum = "sha256:56bce7aef6bf906af0fe025d2459f8be483d65ed4c105760671f9c92449c966d"
url = "https://github.com/taiki-e/cargo-llvm-cov/releases/download/v0.8.7/cargo-llvm-cov-x86_64-pc-windows-msvc.tar.gz"

[[tools.rust]]
version = "1.96.0"
backend = "asdf:rust"
